
Microsoft Visual Studio Solution File, Format Version 12.00
# Visual Studio Version 16
VisualStudioVersion = 16.0.29709.97
MinimumVisualStudioVersion = 10.0.40219.1
Project("{FAE04EC0-301F-11D3-BF4B-00C04F79EFBC}") = "RewardZoneApi", "RewardZoneApi\RewardZoneApi.csproj", "{80AB6D63-E0B2-4F6A-A951-A7185F77838E}"
EndProject
Project("{FAE04EC0-301F-11D3-BF4B-00C04F79EFBC}") = "RewardZoneDomain", "RewardZoneDomain\RewardZoneDomain.csproj", "{BC3C099A-C0DA-4EF2-B657-B29441B4D4AB}"
EndProject
Global
	GlobalSection(SolutionConfigurationPlatforms) = preSolution
		Debug|Any CPU = Debug|Any CPU
		Release|Any CPU = Release|Any CPU
	EndGlobalSection
	GlobalSection(ProjectConfigurationPlatforms) = postSolution
		{80AB6D63-E0B2-4F6A-A951-A7185F77838E}.Debug|Any CPU.ActiveCfg = Debug|Any CPU
		{80AB6D63-E0B2-4F6A-A951-A7185F77838E}.Debug|Any CPU.Build.0 = Debug|Any CPU
		{80AB6D63-E0B2-4F6A-A951-A7185F77838E}.Release|Any CPU.ActiveCfg = Release|Any CPU
		{80AB6D63-E0B2-4F6A-A951-A7185F77838E}.Release|Any CPU.Build.0 = Release|Any CPU
		{BC3C099A-C0DA-4EF2-B657-B29441B4D4AB}.Debug|Any CPU.ActiveCfg = Debug|Any CPU
		{BC3C099A-C0DA-4EF2-B657-B29441B4D4AB}.Debug|Any CPU.Build.0 = Debug|Any CPU
		{BC3C099A-C0DA-4EF2-B657-B29441B4D4AB}.Release|Any CPU.ActiveCfg = Release|Any CPU
		{BC3C099A-C0DA-4EF2-B657-B29441B4D4AB}.Release|Any CPU.Build.0 = Release|Any CPU
	EndGlobalSection
	GlobalSection(SolutionProperties) = preSolution
		HideSolutionNode = FALSE
	EndGlobalSection
	GlobalSection(ExtensibilityGlobals) = postSolution
		SolutionGuid = {2AD1871D-0CFB-4D31-81DB-3F32AF3CDB80}
	EndGlobalSection
EndGlobal
